PODS:
  - Juggernaut (0.0.5)
  - MNMonitor (0.1.0):
    - Juggernaut

DEPENDENCIES:
  - MNMonitor (from `../`)

SPEC REPOS:
  "git@code.byted.org:iOS_Library/douyin_binary_repo.git":
    - Juggernaut

EXTERNAL SOURCES:
  MNMonitor:
    :path: "../"

SPEC CHECKSUMS:
  Juggernaut: ae33fac0961f0daea7908b7fb91631c94d5d274b
  MNMonitor: 07c582e10b62d326e02ca000eb91a59ef507ce06

PODFILE CHECKSUM: a0b542655253f5157f6f2bf7e017834d89afa24f

COCOAPODS: 1.5.3
